annotated-doc==0.0.5
annotated-types==0.8.0
anyio==4.15.1
certifi==2026.7.22
cffi==1.17.1
charset-normalizer==3.5.1
click==8.5.0
decorator==5.3.1
fastapi==0.141.1
future==1.0.0
geocoder==1.38.1
geographiclib==2.1
geopy==2.4.1
h11==0.16.0
h3==3.7.7
idna==3.19
numpy==2.1.1
pycparser==3.0
pydantic==2.13.5
pydantic-core==2.46.5
pyswisseph==2.10.3.2
python-dateutil==2.9.0.post0
pytz==2024.1
ratelim==0.1.6
requests==2.32.3
setuptools==69.5.1
six==1.17.0
starlette==1.6.0
timezonefinder==6.5.2
typing-extensions==4.16.0
typing-inspection==0.4.4
urllib3==2.8.0
uvicorn==0.53.0
